
Microsoft Visual Studio Solution File, Format Version 12.00
# Visual Studio Version 17
VisualStudioVersion = 17.0.31903.59
MinimumVisualStudioVersion = 10.0.40219.1
Project("{FAE04EC0-301F-11D3-BF4B-00C04F79EFBC}") = "Aowl.Api", "Aowl.Api\Aowl.Api.csproj", "{47FC74CF-7596-4A02-8DA7-2ED74382B1F3}"
EndProject
Project("{FAE04EC0-301F-11D3-BF4B-00C04F79EFBC}") = "Basement.Client", "Basement.Client\Basement.Client.csproj", "{134AC116-9131-4AB0-AB79-F4351831CAE2}"
EndProject
Project("{2150E333-8FDC-42A3-9474-1A3956D46DE8}") = "Examples", "Examples", "{B36A84DF-456D-A817-6EDD-3EC3E7F6E11F}"
EndProject
Project("{FAE04EC0-301F-11D3-BF4B-00C04F79EFBC}") = "HelloAowl", "Examples\HelloAowl\HelloAowl.csproj", "{24C28AA9-5921-4C8B-98E7-3529162BB105}"
EndProject
Global
	GlobalSection(SolutionConfigurationPlatforms) = preSolution
		Debug|Any CPU = Debug|Any CPU
		Debug|x64 = Debug|x64
		Debug|x86 = Debug|x86
		Release|Any CPU = Release|Any CPU
		Release|x64 = Release|x64
		Release|x86 = Release|x86
	EndGlobalSection
	GlobalSection(ProjectConfigurationPlatforms) = postSolution
		{47FC74CF-7596-4A02-8DA7-2ED74382B1F3}.Debug|Any CPU.ActiveCfg = Debug|Any CPU
		{47FC74CF-7596-4A02-8DA7-2ED74382B1F3}.Debug|Any CPU.Build.0 = Debug|Any CPU
		{47FC74CF-7596-4A02-8DA7-2ED74382B1F3}.Debug|x64.ActiveCfg = Debug|Any CPU
		{47FC74CF-7596-4A02-8DA7-2ED74382B1F3}.Debug|x64.Build.0 = Debug|Any CPU
		{47FC74CF-7596-4A02-8DA7-2ED74382B1F3}.Debug|x86.ActiveCfg = Debug|Any CPU
		{47FC74CF-7596-4A02-8DA7-2ED74382B1F3}.Debug|x86.Build.0 = Debug|Any CPU
		{47FC74CF-7596-4A02-8DA7-2ED74382B1F3}.Release|Any CPU.ActiveCfg = Release|Any CPU
		{47FC74CF-7596-4A02-8DA7-2ED74382B1F3}.Release|Any CPU.Build.0 = Release|Any CPU
		{47FC74CF-7596-4A02-8DA7-2ED74382B1F3}.Release|x64.ActiveCfg = Release|Any CPU
		{47FC74CF-7596-4A02-8DA7-2ED74382B1F3}.Release|x64.Build.0 = Release|Any CPU
		{47FC74CF-7596-4A02-8DA7-2ED74382B1F3}.Release|x86.ActiveCfg = Release|Any CPU
		{47FC74CF-7596-4A02-8DA7-2ED74382B1F3}.Release|x86.Build.0 = Release|Any CPU
		{134AC116-9131-4AB0-AB79-F4351831CAE2}.Debug|Any CPU.ActiveCfg = Debug|Any CPU
		{134AC116-9131-4AB0-AB79-F4351831CAE2}.Debug|Any CPU.Build.0 = Debug|Any CPU
		{134AC116-9131-4AB0-AB79-F4351831CAE2}.Debug|x64.ActiveCfg = Debug|Any CPU
		{134AC116-9131-4AB0-AB79-F4351831CAE2}.Debug|x64.Build.0 = Debug|Any CPU
		{134AC116-9131-4AB0-AB79-F4351831CAE2}.Debug|x86.ActiveCfg = Debug|Any CPU
		{134AC116-9131-4AB0-AB79-F4351831CAE2}.Debug|x86.Build.0 = Debug|Any CPU
		{134AC116-9131-4AB0-AB79-F4351831CAE2}.Release|Any CPU.ActiveCfg = Release|Any CPU
		{134AC116-9131-4AB0-AB79-F4351831CAE2}.Release|Any CPU.Build.0 = Release|Any CPU
		{134AC116-9131-4AB0-AB79-F4351831CAE2}.Release|x64.ActiveCfg = Release|Any CPU
		{134AC116-9131-4AB0-AB79-F4351831CAE2}.Release|x64.Build.0 = Release|Any CPU
		{134AC116-9131-4AB0-AB79-F4351831CAE2}.Release|x86.ActiveCfg = Release|Any CPU
		{134AC116-9131-4AB0-AB79-F4351831CAE2}.Release|x86.Build.0 = Release|Any CPU
		{24C28AA9-5921-4C8B-98E7-3529162BB105}.Debug|Any CPU.ActiveCfg = Debug|Any CPU
		{24C28AA9-5921-4C8B-98E7-3529162BB105}.Debug|Any CPU.Build.0 = Debug|Any CPU
		{24C28AA9-5921-4C8B-98E7-3529162BB105}.Debug|x64.ActiveCfg = Debug|Any CPU
		{24C28AA9-5921-4C8B-98E7-3529162BB105}.Debug|x64.Build.0 = Debug|Any CPU
		{24C28AA9-5921-4C8B-98E7-3529162BB105}.Debug|x86.ActiveCfg = Debug|Any CPU
		{24C28AA9-5921-4C8B-98E7-3529162BB105}.Debug|x86.Build.0 = Debug|Any CPU
		{24C28AA9-5921-4C8B-98E7-3529162BB105}.Release|Any CPU.ActiveCfg = Release|Any CPU
		{24C28AA9-5921-4C8B-98E7-3529162BB105}.Release|Any CPU.Build.0 = Release|Any CPU
		{24C28AA9-5921-4C8B-98E7-3529162BB105}.Release|x64.ActiveCfg = Release|Any CPU
		{24C28AA9-5921-4C8B-98E7-3529162BB105}.Release|x64.Build.0 = Release|Any CPU
		{24C28AA9-5921-4C8B-98E7-3529162BB105}.Release|x86.ActiveCfg = Release|Any CPU
		{24C28AA9-5921-4C8B-98E7-3529162BB105}.Release|x86.Build.0 = Release|Any CPU
	EndGlobalSection
	GlobalSection(SolutionProperties) = preSolution
		HideSolutionNode = FALSE
	EndGlobalSection
	GlobalSection(NestedProjects) = preSolution
		{24C28AA9-5921-4C8B-98E7-3529162BB105} = {B36A84DF-456D-A817-6EDD-3EC3E7F6E11F}
	EndGlobalSection
EndGlobal
